// !$*UTF8*$!
{
	archiveVersion = 1;
	classes = {
	};
	objectVersion = 46;
	objects = {

/* Begin PBXBuildFile section */
		B6388BFA1E9D0DDD00C15699 /* mainMenuBackgroundMusic.mp3 in Resources */ = {isa = PBXBuildFile; fileRef = B6388BF91E9D0DDD00C15699 /* mainMenuBackgroundMusic.mp3 */; };
		B6388BFB1E9D0DDD00C15699 /* mainMenuBackgroundMusic.mp3 in Resources */ = {isa = PBXBuildFile; fileRef = B6388BF91E9D0DDD00C15699 /* mainMenuBackgroundMusic.mp3 */; };
		B6388BFC1E9D0DDD00C15699 /* mainMenuBackgroundMusic.mp3 in Resources */ = {isa = PBXBuildFile; fileRef = B6388BF91E9D0DDD00C15699 /* mainMenuBackgroundMusic.mp3 */; };
		B6388BFE1E9D158800C15699 /* drawingSounds.wav in Resources */ = {isa = PBXBuildFile; fileRef = B6388BFD1E9D158800C15699 /* drawingSounds.wav */; };
		B6388BFF1E9D158800C15699 /* drawingSounds.wav in Resources */ = {isa = PBXBuildFile; fileRef = B6388BFD1E9D158800C15699 /* drawingSounds.wav */; };
		B6388C001E9D158800C15699 /* drawingSounds.wav in Resources */ = {isa = PBXBuildFile; fileRef = B6388BFD1E9D158800C15699 /* drawingSounds.wav */; };
		B6388C021E9D16DB00C15699 /* resetDrawingSound.mp3 in Resources */ = {isa = PBXBuildFile; fileRef = B6388C011E9D16DB00C15699 /* resetDrawingSound.mp3 */; };
		B6388C031E9D16DB00C15699 /* resetDrawingSound.mp3 in Resources */ = {isa = PBXBuildFile; fileRef = B6388C011E9D16DB00C15699 /* resetDrawingSound.mp3 */; };
		B6388C041E9D16DB00C15699 /* resetDrawingSound.mp3 in Resources */ = {isa = PBXBuildFile; fileRef = B6388C011E9D16DB00C15699 /* resetDrawingSound.mp3 */; };
		B6859D511E8FE4B700BB92C6 /* ResultsScreenViewController.m in Sources */ = {isa = PBXBuildFile; fileRef = B6859D501E8FE4B700BB92C6 /* ResultsScreenViewController.m */; };
		B6859D521E8FE4B700BB92C6 /* ResultsScreenViewController.m in Sources */ = {isa = PBXBuildFile; fileRef = B6859D501E8FE4B700BB92C6 /* ResultsScreenViewController.m */; };
		B6859D531E8FE4B700BB92C6 /* ResultsScreenViewController.m in Sources */ = {isa = PBXBuildFile; fileRef = B6859D501E8FE4B700BB92C6 /* ResultsScreenViewController.m */; };
		B6859D5A1E905D4400BB92C6 /* black.png in Resources */ = {isa = PBXBuildFile; fileRef = B6859D541E905D4400BB92C6 /* black.png */; };
		B6859D5B1E905D4400BB92C6 /* black.png in Resources */ = {isa = PBXBuildFile; fileRef = B6859D541E905D4400BB92C6 /* black.png */; };
		B6859D5C1E905D4400BB92C6 /* black.png in Resources */ = {isa = PBXBuildFile; fileRef = B6859D541E905D4400BB92C6 /* black.png */; };
		B6859D5D1E905D4400BB92C6 /* blue.png in Resources */ = {isa = PBXBuildFile; fileRef = B6859D551E905D4400BB92C6 /* blue.png */; };
		B6859D5E1E905D4400BB92C6 /* blue.png in Resources */ = {isa = PBXBuildFile; fileRef = B6859D551E905D4400BB92C6 /* blue.png */; };
		B6859D5F1E905D4400BB92C6 /* blue.png in Resources */ = {isa = PBXBuildFile; fileRef = B6859D551E905D4400BB92C6 /* blue.png */; };
		B6859D601E905D4400BB92C6 /* Eraser.png in Resources */ = {isa = PBXBuildFile; fileRef = B6859D561E905D4400BB92C6 /* Eraser.png */; };
		B6859D611E905D4400BB92C6 /* Eraser.png in Resources */ = {isa = PBXBuildFile; fileRef = B6859D561E905D4400BB92C6 /* Eraser.png */; };
		B6859D621E905D4400BB92C6 /* Eraser.png in Resources */ = {isa = PBXBuildFile; fileRef = B6859D561E905D4400BB92C6 /* Eraser.png */; };
		B6859D631E905D4400BB92C6 /* green.png in Resources */ = {isa = PBXBuildFile; fileRef = B6859D571E905D4400BB92C6 /* green.png */; };
		B6859D641E905D4400BB92C6 /* green.png in Resources */ = {isa = PBXBuildFile; fileRef = B6859D571E905D4400BB92C6 /* green.png */; };
		B6859D651E905D4400BB92C6 /* green.png in Resources */ = {isa = PBXBuildFile; fileRef = B6859D571E905D4400BB92C6 /* green.png */; };
		B6859D661E905D4400BB92C6 /* Red.png in Resources */ = {isa = PBXBuildFile; fileRef = B6859D581E905D4400BB92C6 /* Red.png */; };
		B6859D671E905D4400BB92C6 /* Red.png in Resources */ = {isa = PBXBuildFile; fileRef = B6859D581E905D4400BB92C6 /* Red.png */; };
		B6859D681E905D4400BB92C6 /* Red.png in Resources */ = {isa = PBXBuildFile; fileRef = B6859D581E905D4400BB92C6 /* Red.png */; };
		B6859D691E905D4400BB92C6 /* yellow.png in Resources */ = {isa = PBXBuildFile; fileRef = B6859D591E905D4400BB92C6 /* yellow.png */; };
		B6859D6A1E905D4400BB92C6 /* yellow.png in Resources */ = {isa = PBXBuildFile; fileRef = B6859D591E905D4400BB92C6 /* yellow.png */; };
		B6859D6B1E905D4400BB92C6 /* yellow.png in Resources */ = {isa = PBXBuildFile; fileRef = B6859D591E905D4400BB92C6 /* yellow.png */; };
		B6859D6D1E905FEF00BB92C6 /* background.png in Resources */ = {isa = PBXBuildFile; fileRef = B6859D6C1E905FEF00BB92C6 /* background.png */; };
		B6859D6E1E905FEF00BB92C6 /* background.png in Resources */ = {isa = PBXBuildFile; fileRef = B6859D6C1E905FEF00BB92C6 /* background.png */; };
		B6859D6F1E905FEF00BB92C6 /* background.png in Resources */ = {isa = PBXBuildFile; fileRef = B6859D6C1E905FEF00BB92C6 /* background.png */; };
		B688350B1E86F026000C489D /* SecondScreen.m in Sources */ = {isa = PBXBuildFile; fileRef = B688350A1E86F026000C489D /* SecondScreen.m */; };
		B688350C1E86F026000C489D /* SecondScreen.m in Sources */ = {isa = PBXBuildFile; fileRef = B688350A1E86F026000C489D /* SecondScreen.m */; };
		B688350D1E86F026000C489D /* SecondScreen.m in Sources */ = {isa = PBXBuildFile; fileRef = B688350A1E86F026000C489D /* SecondScreen.m */; };
		B6C3C40A1E8443D4001D6C8E /* main.m in Sources */ = {isa = PBXBuildFile; fileRef = B6C3C4091E8443D4001D6C8E /* main.m */; };
		B6C3C40D1E8443D4001D6C8E /* AppDelegate.m in Sources */ = {isa = PBXBuildFile; fileRef = B6C3C40C1E8443D4001D6C8E /* AppDelegate.m */; };
		B6C3C4101E8443D4001D6C8E /* ViewController.m in Sources */ = {isa = PBXBuildFile; fileRef = B6C3C40F1E8443D4001D6C8E /* ViewController.m */; };
		B6C3C4131E8443D4001D6C8E /* Main.storyboard in Resources */ = {isa = PBXBuildFile; fileRef = B6C3C4111E8443D4001D6C8E /* Main.storyboard */; };
		B6C3C4151E8443D4001D6C8E /* Assets.xcassets in Resources */ = {isa = PBXBuildFile; fileRef = B6C3C4141E8443D4001D6C8E /* Assets.xcassets */; };
		B6C3C4181E8443D4001D6C8E /* LaunchScreen.storyboard in Resources */ = {isa = PBXBuildFile; fileRef = B6C3C4161E8443D4001D6C8E /* LaunchScreen.storyboard */; };
		B6C3C4231E8443D4001D6C8E /* COMP_4768_ProjectTests.m in Sources */ = {isa = PBXBuildFile; fileRef = B6C3C4221E8443D4001D6C8E /* COMP_4768_ProjectTests.m */; };
		B6C3C42E1E8443D4001D6C8E /* COMP_4768_ProjectUITests.m in Sources */ = {isa = PBXBuildFile; fileRef = B6C3C42D1E8443D4001D6C8E /* COMP_4768_ProjectUITests.m */; };
		B6E68E631E92983800963CC7 /* ButtonBackground.png in Resources */ = {isa = PBXBuildFile; fileRef = B6E68E621E92983800963CC7 /* ButtonBackground.png */; };
		B6E68E641E92983800963CC7 /* ButtonBackground.png in Resources */ = {isa = PBXBuildFile; fileRef = B6E68E621E92983800963CC7 /* ButtonBackground.png */; };
		B6E68E651E92983800963CC7 /* ButtonBackground.png in Resources */ = {isa = PBXBuildFile; fileRef = B6E68E621E92983800963CC7 /* ButtonBackground.png */; };
		B6E68E671E92984100963CC7 /* logo.png in Resources */ = {isa = PBXBuildFile; fileRef = B6E68E661E92984100963CC7 /* logo.png */; };
		B6E68E681E92984100963CC7 /* logo.png in Resources */ = {isa = PBXBuildFile; fileRef = B6E68E661E92984100963CC7 /* logo.png */; };
		B6E68E691E92984100963CC7 /* logo.png in Resources */ = {isa = PBXBuildFile; fileRef = B6E68E661E92984100963CC7 /* logo.png */; };
		B6E68E6C1E929DAF00963CC7 /* PracticeAreaViewController.m in Sources */ = {isa = PBXBuildFile; fileRef = B6E68E6B1E929DAF00963CC7 /* PracticeAreaViewController.m */; };
		B6E68E6D1E929DAF00963CC7 /* PracticeAreaViewController.m in Sources */ = {isa = PBXBuildFile; fileRef = B6E68E6B1E929DAF00963CC7 /* PracticeAreaViewController.m */; };
		B6E68E6E1E929DAF00963CC7 /* PracticeAreaViewController.m in Sources */ = {isa = PBXBuildFile; fileRef = B6E68E6B1E929DAF00963CC7 /* PracticeAreaViewController.m */; };
/* End PBXBuildFile section */

/* Begin PBXContainerItemProxy section */
		B6C3C41F1E8443D4001D6C8E /* PBXContainerItemProxy */ = {
			isa = PBXContainerItemProxy;
			containerPortal = B6C3C3FD1E8443D4001D6C8E /* Project object */;
			proxyType = 1;
			remoteGlobalIDString = B6C3C4041E8443D4001D6C8E;
			remoteInfo = COMP_4768_Project;
		};
		B6C3C42A1E8443D4001D6C8E /* PBXContainerItemProxy */ = {
			isa = PBXContainerItemProxy;
			containerPortal = B6C3C3FD1E8443D4001D6C8E /* Project object */;
			proxyType = 1;
			remoteGlobalIDString = B6C3C4041E8443D4001D6C8E;
			remoteInfo = COMP_4768_Project;
		};
/* End PBXContainerItemProxy section */

/* Begin PBXFileReference section */
		B6388BF91E9D0DDD00C15699 /* mainMenuBackgroundMusic.mp3 */ = {isa = PBXFileReference; lastKnownFileType = audio.mp3; path = mainMenuBackgroundMusic.mp3; sourceTree = "<group>"; };
		B6388BFD1E9D158800C15699 /* drawingSounds.wav */ = {isa = PBXFileReference; lastKnownFileType = audio.wav; path = drawingSounds.wav; sourceTree = "<group>"; };
		B6388C011E9D16DB00C15699 /* resetDrawingSound.mp3 */ = {isa = PBXFileReference; lastKnownFileType = audio.mp3; path = resetDrawingSound.mp3; sourceTree = "<group>"; };
		B6859D4F1E8FE4B700BB92C6 /* ResultsScreenViewController.h */ = {isa = PBXFileReference; fileEncoding = 4; lastKnownFileType = sourcecode.c.h; path = ResultsScreenViewController.h; sourceTree = "<group>"; };
		B6859D501E8FE4B700BB92C6 /* ResultsScreenViewController.m */ = {isa = PBXFileReference; fileEncoding = 4; lastKnownFileType = sourcecode.c.objc; path = ResultsScreenViewController.m; sourceTree = "<group>"; };
		B6859D541E905D4400BB92C6 /* black.png */ = {isa = PBXFileReference; lastKnownFileType = image.png; path = black.png; sourceTree = "<group>"; };
		B6859D551E905D4400BB92C6 /* blue.png */ = {isa = PBXFileReference; lastKnownFileType = image.png; path = blue.png; sourceTree = "<group>"; };
		B6859D561E905D4400BB92C6 /* Eraser.png */ = {isa = PBXFileReference; lastKnownFileType = image.png; path = Eraser.png; sourceTree = "<group>"; };
		B6859D571E905D4400BB92C6 /* green.png */ = {isa = PBXFileReference; lastKnownFileType = image.png; path = green.png; sourceTree = "<group>"; };
		B6859D581E905D4400BB92C6 /* Red.png */ = {isa = PBXFileReference; lastKnownFileType = image.png; path = Red.png; sourceTree = "<group>"; };
		B6859D591E905D4400BB92C6 /* yellow.png */ = {isa = PBXFileReference; lastKnownFileType = image.png; path = yellow.png; sourceTree = "<group>"; };
		B6859D6C1E905FEF00BB92C6 /* background.png */ = {isa = PBXFileReference; lastKnownFileType = image.png; path = background.png; sourceTree = "<group>"; };
		B68835091E86F026000C489D /* SecondScreen.h */ = {isa = PBXFileReference; fileEncoding = 4; lastKnownFileType = sourcecode.c.h; path = SecondScreen.h; sourceTree = "<group>"; };
		B688350A1E86F026000C489D /* SecondScreen.m */ = {isa = PBXFileReference; fileEncoding = 4; lastKnownFileType = sourcecode.c.objc; path = SecondScreen.m; sourceTree = "<group>"; };
		B6C3C4051E8443D4001D6C8E /* COMP_4768_Project.app */ = {isa = PBXFileReference; explicitFileType = wrapper.application; includeInIndex = 0; path = COMP_4768_Project.app; sourceTree = BUILT_PRODUCTS_DIR; };
		B6C3C4091E8443D4001D6C8E /* main.m */ = {isa = PBXFileReference; lastKnownFileType = sourcecode.c.objc; path = main.m; sourceTree = "<group>"; };
		B6C3C40B1E8443D4001D6C8E /* AppDelegate.h */ = {isa = PBXFileReference; lastKnownFileType = sourcecode.c.h; path = AppDelegate.h; sourceTree = "<group>"; };
		B6C3C40C1E8443D4001D6C8E /* AppDelegate.m */ = {isa = PBXFileReference; lastKnownFileType = sourcecode.c.objc; path = AppDelegate.m; sourceTree = "<group>"; };
		B6C3C40E1E8443D4001D6C8E /* ViewController.h */ = {isa = PBXFileReference; lastKnownFileType = sourcecode.c.h; path = ViewController.h; sourceTree = "<group>"; };
		B6C3C40F1E8443D4001D6C8E /* ViewController.m */ = {isa = PBXFileReference; lastKnownFileType = sourcecode.c.objc; path = ViewController.m; sourceTree = "<group>"; };
		B6C3C4121E8443D4001D6C8E /* Base */ = {isa = PBXFileReference; lastKnownFileType = file.storyboard; name = Base; path = Base.lproj/Main.storyboard; sourceTree = "<group>"; };
		B6C3C4141E8443D4001D6C8E /* Assets.xcassets */ = {isa = PBXFileReference; lastKnownFileType = folder.assetcatalog; path = Assets.xcassets; sourceTree = "<group>"; };
		B6C3C4171E8443D4001D6C8E /* Base */ = {isa = PBXFileReference; lastKnownFileType = file.storyboard; name = Base; path = Base.lproj/LaunchScreen.storyboard; sourceTree = "<group>"; };
		B6C3C4191E8443D4001D6C8E /* Info.plist */ = {isa = PBXFileReference; lastKnownFileType = text.plist.xml; path = Info.plist; sourceTree = "<group>"; };
		B6C3C41E1E8443D4001D6C8E /* COMP_4768_ProjectTests.xctest */ = {isa = PBXFileReference; explicitFileType = wrapper.cfbundle; includeInIndex = 0; path = COMP_4768_ProjectTests.xctest; sourceTree = BUILT_PRODUCTS_DIR; };
		B6C3C4221E8443D4001D6C8E /* COMP_4768_ProjectTests.m */ = {isa = PBXFileReference; lastKnownFileType = sourcecode.c.objc; path = COMP_4768_ProjectTests.m; sourceTree = "<group>"; };
		B6C3C4241E8443D4001D6C8E /* Info.plist */ = {isa = PBXFileReference; lastKnownFileType = text.plist.xml; path = Info.plist; sourceTree = "<group>"; };
		B6C3C4291E8443D4001D6C8E /* COMP_4768_ProjectUITests.xctest */ = {isa = PBXFileReference; explicitFileType = wrapper.cfbundle; includeInIndex = 0; path = COMP_4768_ProjectUITests.xctest; sourceTree = BUILT_PRODUCTS_DIR; };
		B6C3C42D1E8443D4001D6C8E /* COMP_4768_ProjectUITests.m */ = {isa = PBXFileReference; lastKnownFileType = sourcecode.c.objc; path = COMP_4768_ProjectUITests.m; sourceTree = "<group>"; };
		B6C3C42F1E8443D4001D6C8E /* Info.plist */ = {isa = PBXFileReference; lastKnownFileType = text.plist.xml; path = Info.plist; sourceTree = "<group>"; };
		B6E68E621E92983800963CC7 /* ButtonBackground.png */ = {isa = PBXFileReference; lastKnownFileType = image.png; path = ButtonBackground.png; sourceTree = "<group>"; };
		B6E68E661E92984100963CC7 /* logo.png */ = {isa = PBXFileReference; lastKnownFileType = image.png; path = logo.png; sourceTree = "<group>"; };
		B6E68E6A1E929DAF00963CC7 /* PracticeAreaViewController.h */ = {isa = PBXFileReference; fileEncoding = 4; lastKnownFileType = sourcecode.c.h; path = PracticeAreaViewController.h; sourceTree = "<group>"; };
		B6E68E6B1E929DAF00963CC7 /* PracticeAreaViewController.m */ = {isa = PBXFileReference; fileEncoding = 4; lastKnownFileType = sourcecode.c.objc; path = PracticeAreaViewController.m; sourceTree = "<group>"; };
/* End PBXFileReference section */

/* Begin PBXFrameworksBuildPhase section */
		B6C3C4021E8443D4001D6C8E /* Frameworks */ = {
			isa = PBXFrameworksBuildPhase;
			buildActionMask = 2147483647;
			files = (
			);
			runOnlyForDeploymentPostprocessing = 0;
		};
		B6C3C41B1E8443D4001D6C8E /* Frameworks */ = {
			isa = PBXFrameworksBuildPhase;
			buildActionMask = 2147483647;
			files = (
			);
			runOnlyForDeploymentPostprocessing = 0;
		};
		B6C3C4261E8443D4001D6C8E /* Frameworks */ = {
			isa = PBXFrameworksBuildPhase;
			buildActionMask = 2147483647;
			files = (
			);
			runOnlyForDeploymentPostprocessing = 0;
		};
/* End PBXFrameworksBuildPhase section */

/* Begin PBXGroup section */
		B6388BF81E9D0D1C00C15699 /* Audio */ = {
			isa = PBXGroup;
			children = (
				B6388BF91E9D0DDD00C15699 /* mainMenuBackgroundMusic.mp3 */,
				B6388BFD1E9D158800C15699 /* drawingSounds.wav */,
				B6388C011E9D16DB00C15699 /* resetDrawingSound.mp3 */,
			);
			name = Audio;
			sourceTree = "<group>";
		};
		B68835221E86F087000C489D /* UI_Pictures */ = {
			isa = PBXGroup;
			children = (
				B6859D6C1E905FEF00BB92C6 /* background.png */,
				B6859D541E905D4400BB92C6 /* black.png */,
				B6859D551E905D4400BB92C6 /* blue.png */,
				B6E68E661E92984100963CC7 /* logo.png */,
				B6859D561E905D4400BB92C6 /* Eraser.png */,
				B6859D571E905D4400BB92C6 /* green.png */,
				B6E68E621E92983800963CC7 /* ButtonBackground.png */,
				B6859D581E905D4400BB92C6 /* Red.png */,
				B6859D591E905D4400BB92C6 /* yellow.png */,
			);
			name = UI_Pictures;
			sourceTree = "<group>";
		};
		B6C3C3FC1E8443D4001D6C8E = {
			isa = PBXGroup;
			children = (
				B6C3C4071E8443D4001D6C8E /* COMP_4768_Project */,
				B6C3C4211E8443D4001D6C8E /* COMP_4768_ProjectTests */,
				B6C3C42C1E8443D4001D6C8E /* COMP_4768_ProjectUITests */,
				B6C3C4061E8443D4001D6C8E /* Products */,
			);
			sourceTree = "<group>";
		};
		B6C3C4061E8443D4001D6C8E /* Products */ = {
			isa = PBXGroup;
			children = (
				B6C3C4051E8443D4001D6C8E /* COMP_4768_Project.app */,
				B6C3C41E1E8443D4001D6C8E /* COMP_4768_ProjectTests.xctest */,
				B6C3C4291E8443D4001D6C8E /* COMP_4768_ProjectUITests.xctest */,
			);
			name = Products;
			sourceTree = "<group>";
		};
		B6C3C4071E8443D4001D6C8E /* COMP_4768_Project */ = {
			isa = PBXGroup;
			children = (
				B68835221E86F087000C489D /* UI_Pictures */,
				B6388BF81E9D0D1C00C15699 /* Audio */,
				B6C3C40B1E8443D4001D6C8E /* AppDelegate.h */,
				B6C3C40C1E8443D4001D6C8E /* AppDelegate.m */,
				B6C3C40E1E8443D4001D6C8E /* ViewController.h */,
				B6C3C40F1E8443D4001D6C8E /* ViewController.m */,
				B68835091E86F026000C489D /* SecondScreen.h */,
				B688350A1E86F026000C489D /* SecondScreen.m */,
				B6859D4F1E8FE4B700BB92C6 /* ResultsScreenViewController.h */,
				B6859D501E8FE4B700BB92C6 /* ResultsScreenViewController.m */,
				B6E68E6A1E929DAF00963CC7 /* PracticeAreaViewController.h */,
				B6E68E6B1E929DAF00963CC7 /* PracticeAreaViewController.m */,
				B6C3C4111E8443D4001D6C8E /* Main.storyboard */,
				B6C3C4141E8443D4001D6C8E /* Assets.xcassets */,
				B6C3C4161E8443D4001D6C8E /* LaunchScreen.storyboard */,
				B6C3C4191E8443D4001D6C8E /* Info.plist */,
				B6C3C4081E8443D4001D6C8E /* Supporting Files */,
			);
			path = COMP_4768_Project;
			sourceTree = "<group>";
		};
		B6C3C4081E8443D4001D6C8E /* Supporting Files */ = {
			isa = PBXGroup;
			children = (
				B6C3C4091E8443D4001D6C8E /* main.m */,
			);
			name = "Supporting Files";
			sourceTree = "<group>";
		};
		B6C3C4211E8443D4001D6C8E /* COMP_4768_ProjectTests */ = {
			isa = PBXGroup;
			children = (
				B6C3C4221E8443D4001D6C8E /* COMP_4768_ProjectTests.m */,
				B6C3C4241E8443D4001D6C8E /* Info.plist */,
			);
			path = COMP_4768_ProjectTests;
			sourceTree = "<group>";
		};
		B6C3C42C1E8443D4001D6C8E /* COMP_4768_ProjectUITests */ = {
			isa = PBXGroup;
			children = (
				B6C3C42D1E8443D4001D6C8E /* COMP_4768_ProjectUITests.m */,
				B6C3C42F1E8443D4001D6C8E /* Info.plist */,
			);
			path = COMP_4768_ProjectUITests;
			sourceTree = "<group>";
		};
/* End PBXGroup section */

/* Begin PBXNativeTarget section */
		B6C3C4041E8443D4001D6C8E /* COMP_4768_Project */ = {
			isa = PBXNativeTarget;
			buildConfigurationList = B6C3C4321E8443D4001D6C8E /* Build configuration list for PBXNativeTarget "COMP_4768_Project" */;
			buildPhases = (
				B6C3C4011E8443D4001D6C8E /* Sources */,
				B6C3C4021E8443D4001D6C8E /* Frameworks */,
				B6C3C4031E8443D4001D6C8E /* Resources */,
			);
			buildRules = (
			);
			dependencies = (
			);
			name = COMP_4768_Project;
			productName = COMP_4768_Project;
			productReference = B6C3C4051E8443D4001D6C8E /* COMP_4768_Project.app */;
			productType = "com.apple.product-type.application";
		};
		B6C3C41D1E8443D4001D6C8E /* COMP_4768_ProjectTests */ = {
			isa = PBXNativeTarget;
			buildConfigurationList = B6C3C4351E8443D4001D6C8E /* Build configuration list for PBXNativeTarget "COMP_4768_ProjectTests" */;
			buildPhases = (
				B6C3C41A1E8443D4001D6C8E /* Sources */,
				B6C3C41B1E8443D4001D6C8E /* Frameworks */,
				B6C3C41C1E8443D4001D6C8E /* Resources */,
			);
			buildRules = (
			);
			dependencies = (
				B6C3C4201E8443D4001D6C8E /* PBXTargetDependency */,
			);
			name = COMP_4768_ProjectTests;
			productName = COMP_4768_ProjectTests;
			productReference = B6C3C41E1E8443D4001D6C8E /* COMP_4768_ProjectTests.xctest */;
			productType = "com.apple.product-type.bundle.unit-test";
		};
		B6C3C4281E8443D4001D6C8E /* COMP_4768_ProjectUITests */ = {
			isa = PBXNativeTarget;
			buildConfigurationList = B6C3C4381E8443D4001D6C8E /* Build configuration list for PBXNativeTarget "COMP_4768_ProjectUITests" */;
			buildPhases = (
				B6C3C4251E8443D4001D6C8E /* Sources */,
				B6C3C4261E8443D4001D6C8E /* Frameworks */,
				B6C3C4271E8443D4001D6C8E /* Resources */,
			);
			buildRules = (
			);
			dependencies = (
				B6C3C42B1E8443D4001D6C8E /* PBXTargetDependency */,
			);
			name = COMP_4768_ProjectUITests;
			productName = COMP_4768_ProjectUITests;
			productReference = B6C3C4291E8443D4001D6C8E /* COMP_4768_ProjectUITests.xctest */;
			productType = "com.apple.product-type.bundle.ui-testing";
		};
/* End PBXNativeTarget section */

/* Begin PBXProject section */
		B6C3C3FD1E8443D4001D6C8E /* Project object */ = {
			isa = PBXProject;
			attributes = {
				LastUpgradeCheck = 0820;
				ORGANIZATIONNAME = "Freddie Pike";
				TargetAttributes = {
					B6C3C4041E8443D4001D6C8E = {
						CreatedOnToolsVersion = 8.2.1;
						DevelopmentTeam = AWCRMQBEL6;
						ProvisioningStyle = Automatic;
					};
					B6C3C41D1E8443D4001D6C8E = {
						CreatedOnToolsVersion = 8.2.1;
						ProvisioningStyle = Automatic;
						TestTargetID = B6C3C4041E8443D4001D6C8E;
					};
					B6C3C4281E8443D4001D6C8E = {
						CreatedOnToolsVersion = 8.2.1;
						ProvisioningStyle = Automatic;
						TestTargetID = B6C3C4041E8443D4001D6C8E;
					};
				};
			};
			buildConfigurationList = B6C3C4001E8443D4001D6C8E /* Build configuration list for PBXProject "COMP_4768_Project" */;
			compatibilityVersion = "Xcode 3.2";
			developmentRegion = English;
			hasScannedForEncodings = 0;
			knownRegions = (
				en,
				Base,
			);
			mainGroup = B6C3C3FC1E8443D4001D6C8E;
			productRefGroup = B6C3C4061E8443D4001D6C8E /* Products */;
			projectDirPath = "";
			projectRoot = "";
			targets = (
				B6C3C4041E8443D4001D6C8E /* COMP_4768_Project */,
				B6C3C41D1E8443D4001D6C8E /* COMP_4768_ProjectTests */,
				B6C3C4281E8443D4001D6C8E /* COMP_4768_ProjectUITests */,
			);
		};
/* End PBXProject section */

/* Begin PBXResourcesBuildPhase section */
		B6C3C4031E8443D4001D6C8E /* Resources */ = {
			isa = PBXResourcesBuildPhase;
			buildActionMask = 2147483647;
			files = (
				B6859D6D1E905FEF00BB92C6 /* background.png in Resources */,
				B6E68E671E92984100963CC7 /* logo.png in Resources */,
				B6C3C4181E8443D4001D6C8E /* LaunchScreen.storyboard in Resources */,
				B6388C021E9D16DB00C15699 /* resetDrawingSound.mp3 in Resources */,
				B6E68E631E92983800963CC7 /* ButtonBackground.png in Resources */,
				B6859D691E905D4400BB92C6 /* yellow.png in Resources */,
				B6388BFA1E9D0DDD00C15699 /* mainMenuBackgroundMusic.mp3 in Resources */,
				B6859D601E905D4400BB92C6 /* Eraser.png in Resources */,
				B6859D5D1E905D4400BB92C6 /* blue.png in Resources */,
				B6859D631E905D4400BB92C6 /* green.png in Resources */,
				B6C3C4151E8443D4001D6C8E /* Assets.xcassets in Resources */,
				B6C3C4131E8443D4001D6C8E /* Main.storyboard in Resources */,
				B6388BFE1E9D158800C15699 /* drawingSounds.wav in Resources */,
				B6859D5A1E905D4400BB92C6 /* black.png in Resources */,
				B6859D661E905D4400BB92C6 /* Red.png in Resources */,
			);
			runOnlyForDeploymentPostprocessing = 0;
		};
		B6C3C41C1E8443D4001D6C8E /* Resources */ = {
			isa = PBXResourcesBuildPhase;
			buildActionMask = 2147483647;
			files = (
				B6859D6A1E905D4400BB92C6 /* yellow.png in Resources */,
				B6388BFF1E9D158800C15699 /* drawingSounds.wav in Resources */,
				B6859D6E1E905FEF00BB92C6 /* background.png in Resources */,
				B6859D5B1E905D4400BB92C6 /* black.png in Resources */,
				B6388C031E9D16DB00C15699 /* resetDrawingSound.mp3 in Resources */,
				B6388BFB1E9D0DDD00C15699 /* mainMenuBackgroundMusic.mp3 in Resources */,
				B6859D5E1E905D4400BB92C6 /* blue.png in Resources */,
				B6859D611E905D4400BB92C6 /* Eraser.png in Resources */,
				B6E68E641E92983800963CC7 /* ButtonBackground.png in Resources */,
				B6859D671E905D4400BB92C6 /* Red.png in Resources */,
				B6E68E681E92984100963CC7 /* logo.png in Resources */,
				B6859D641E905D4400BB92C6 /* green.png in Resources */,
			);
			runOnlyForDeploymentPostprocessing = 0;
		};
		B6C3C4271E8443D4001D6C8E /* Resources */ = {
			isa = PBXResourcesBuildPhase;
			buildActionMask = 2147483647;
			files = (
				B6859D6B1E905D4400BB92C6 /* yellow.png in Resources */,
				B6388C001E9D158800C15699 /* drawingSounds.wav in Resources */,
				B6859D6F1E905FEF00BB92C6 /* background.png in Resources */,
				B6859D5C1E905D4400BB92C6 /* black.png in Resources */,
				B6388C041E9D16DB00C15699 /* resetDrawingSound.mp3 in Resources */,
				B6388BFC1E9D0DDD00C15699 /* mainMenuBackgroundMusic.mp3 in Resources */,
				B6859D5F1E905D4400BB92C6 /* blue.png in Resources */,
				B6859D621E905D4400BB92C6 /* Eraser.png in Resources */,
				B6E68E651E92983800963CC7 /* ButtonBackground.png in Resources */,
				B6859D681E905D4400BB92C6 /* Red.png in Resources */,
				B6E68E691E92984100963CC7 /* logo.png in Resources */,
				B6859D651E905D4400BB92C6 /* green.png in Resources */,
			);
			runOnlyForDeploymentPostprocessing = 0;
		};
/* End PBXResourcesBuildPhase section */

/* Begin PBXSourcesBuildPhase section */
		B6C3C4011E8443D4001D6C8E /* Sources */ = {
			isa = PBXSourcesBuildPhase;
			buildActionMask = 2147483647;
			files = (
				B6E68E6C1E929DAF00963CC7 /* PracticeAreaViewController.m in Sources */,
				B6C3C4101E8443D4001D6C8E /* ViewController.m in Sources */,
				B688350B1E86F026000C489D /* SecondScreen.m in Sources */,
				B6859D511E8FE4B700BB92C6 /* ResultsScreenViewController.m in Sources */,
				B6C3C40D1E8443D4001D6C8E /* AppDelegate.m in Sources */,
				B6C3C40A1E8443D4001D6C8E /* main.m in Sources */,
			);
			runOnlyForDeploymentPostprocessing = 0;
		};
		B6C3C41A1E8443D4001D6C8E /* Sources */ = {
			isa = PBXSourcesBuildPhase;
			buildActionMask = 2147483647;
			files = (
				B6859D521E8FE4B700BB92C6 /* ResultsScreenViewController.m in Sources */,
				B6C3C4231E8443D4001D6C8E /* COMP_4768_ProjectTests.m in Sources */,
				B6E68E6D1E929DAF00963CC7 /* PracticeAreaViewController.m in Sources */,
				B688350C1E86F026000C489D /* SecondScreen.m in Sources */,
			);
			runOnlyForDeploymentPostprocessing = 0;
		};
		B6C3C4251E8443D4001D6C8E /* Sources */ = {
			isa = PBXSourcesBuildPhase;
			buildActionMask = 2147483647;
			files = (
				B6859D531E8FE4B700BB92C6 /* ResultsScreenViewController.m in Sources */,
				B6C3C42E1E8443D4001D6C8E /* COMP_4768_ProjectUITests.m in Sources */,
				B6E68E6E1E929DAF00963CC7 /* PracticeAreaViewController.m in Sources */,
				B688350D1E86F026000C489D /* SecondScreen.m in Sources */,
			);
			runOnlyForDeploymentPostprocessing = 0;
		};
/* End PBXSourcesBuildPhase section */

/* Begin PBXTargetDependency section */
		B6C3C4201E8443D4001D6C8E /* PBXTargetDependency */ = {
			isa = PBXTargetDependency;
			target = B6C3C4041E8443D4001D6C8E /* COMP_4768_Project */;
			targetProxy = B6C3C41F1E8443D4001D6C8E /* PBXContainerItemProxy */;
		};
		B6C3C42B1E8443D4001D6C8E /* PBXTargetDependency */ = {
			isa = PBXTargetDependency;
			target = B6C3C4041E8443D4001D6C8E /* COMP_4768_Project */;
			targetProxy = B6C3C42A1E8443D4001D6C8E /* PBXContainerItemProxy */;
		};
/* End PBXTargetDependency section */

/* Begin PBXVariantGroup section */
		B6C3C4111E8443D4001D6C8E /* Main.storyboard */ = {
			isa = PBXVariantGroup;
			children = (
				B6C3C4121E8443D4001D6C8E /* Base */,
			);
			name = Main.storyboard;
			sourceTree = "<group>";
		};
		B6C3C4161E8443D4001D6C8E /* LaunchScreen.storyboard */ = {
			isa = PBXVariantGroup;
			children = (
				B6C3C4171E8443D4001D6C8E /* Base */,
			);
			name = LaunchScreen.storyboard;
			sourceTree = "<group>";
		};
/* End PBXVariantGroup section */

/* Begin XCBuildConfiguration section */
		B6C3C4301E8443D4001D6C8E /* Debug */ = {
			isa = XCBuildConfiguration;
			buildSettings = {
				ALWAYS_SEARCH_USER_PATHS = NO;
				CLANG_ANALYZER_NONNULL = YES;
				CLANG_CXX_LANGUAGE_STANDARD = "gnu++0x";
				CLANG_CXX_LIBRARY = "libc++";
				CLANG_ENABLE_MODULES = YES;
				CLANG_ENABLE_OBJC_ARC = YES;
				CLANG_WARN_BOOL_CONVERSION = YES;
				CLANG_WARN_CONSTANT_CONVERSION = YES;
				CLANG_WARN_DIRECT_OBJC_ISA_USAGE = YES_ERROR;
				CLANG_WARN_DOCUMENTATION_COMMENTS = YES;
				CLANG_WARN_EMPTY_BODY = YES;
				CLANG_WARN_ENUM_CONVERSION = YES;
				CLANG_WARN_INFINITE_RECURSION = YES;
				CLANG_WARN_INT_CONVERSION = YES;
				CLANG_WARN_OBJC_ROOT_CLASS = YES_ERROR;
				CLANG_WARN_SUSPICIOUS_MOVE = YES;
				CLANG_WARN_UNREACHABLE_CODE = YES;
				CLANG_WARN__DUPLICATE_METHOD_MATCH = YES;
				"CODE_SIGN_IDENTITY[sdk=iphoneos*]" = "iPhone Developer";
				COPY_PHASE_STRIP = NO;
				DEBUG_INFORMATION_FORMAT = dwarf;
				ENABLE_STRICT_OBJC_MSGSEND = YES;
				ENABLE_TESTABILITY = YES;
				GCC_C_LANGUAGE_STANDARD = gnu99;
				GCC_DYNAMIC_NO_PIC = NO;
				GCC_NO_COMMON_BLOCKS = YES;
				GCC_OPTIMIZATION_LEVEL = 0;
				GCC_PREPROCESSOR_DEFINITIONS = (
					"DEBUG=1",
					"$(inherited)",
				);
				GCC_WARN_64_TO_32_BIT_CONVERSION = YES;
				GCC_WARN_ABOUT_RETURN_TYPE = YES_ERROR;
				GCC_WARN_UNDECLARED_SELECTOR = YES;
				GCC_WARN_UNINITIALIZED_AUTOS = YES_AGGRESSIVE;
				GCC_WARN_UNUSED_FUNCTION = YES;
				GCC_WARN_UNUSED_VARIABLE = YES;
				IPHONEOS_DEPLOYMENT_TARGET = 10.2;
				MTL_ENABLE_DEBUG_INFO = YES;
				ONLY_ACTIVE_ARCH = YES;
				SDKROOT = iphoneos;
				TARGETED_DEVICE_FAMILY = "1,2";
			};
			name = Debug;
		};
		B6C3C4311E8443D4001D6C8E /* Release */ = {
			isa = XCBuildConfiguration;
			buildSettings = {
				ALWAYS_SEARCH_USER_PATHS = NO;
				CLANG_ANALYZER_NONNULL = YES;
				CLANG_CXX_LANGUAGE_STANDARD = "gnu++0x";
				CLANG_CXX_LIBRARY = "libc++";
				CLANG_ENABLE_MODULES = YES;
				CLANG_ENABLE_OBJC_ARC = YES;
				CLANG_WARN_BOOL_CONVERSION = YES;
				CLANG_WARN_CONSTANT_CONVERSION = YES;
				CLANG_WARN_DIRECT_OBJC_ISA_USAGE = YES_ERROR;
				CLANG_WARN_DOCUMENTATION_COMMENTS = YES;
				CLANG_WARN_EMPTY_BODY = YES;
				CLANG_WARN_ENUM_CONVERSION = YES;
				CLANG_WARN_INFINITE_RECURSION = YES;
				CLANG_WARN_INT_CONVERSION = YES;
				CLANG_WARN_OBJC_ROOT_CLASS = YES_ERROR;
				CLANG_WARN_SUSPICIOUS_MOVE = YES;
				CLANG_WARN_UNREACHABLE_CODE = YES;
				CLANG_WARN__DUPLICATE_METHOD_MATCH = YES;
				"CODE_SIGN_IDENTITY[sdk=iphoneos*]" = "iPhone Developer";
				COPY_PHASE_STRIP = NO;
				DEBUG_INFORMATION_FORMAT = "dwarf-with-dsym";
				ENABLE_NS_ASSERTIONS = NO;
				ENABLE_STRICT_OBJC_MSGSEND = YES;
				GCC_C_LANGUAGE_STANDARD = gnu99;
				GCC_NO_COMMON_BLOCKS = YES;
				GCC_WARN_64_TO_32_BIT_CONVERSION = YES;
				GCC_WARN_ABOUT_RETURN_TYPE = YES_ERROR;
				GCC_WARN_UNDECLARED_SELECTOR = YES;
				GCC_WARN_UNINITIALIZED_AUTOS = YES_AGGRESSIVE;
				GCC_WARN_UNUSED_FUNCTION = YES;
				GCC_WARN_UNUSED_VARIABLE = YES;
				IPHONEOS_DEPLOYMENT_TARGET = 10.2;
				MTL_ENABLE_DEBUG_INFO = NO;
				SDKROOT = iphoneos;
				TARGETED_DEVICE_FAMILY = "1,2";
				VALIDATE_PRODUCT = YES;
			};
			name = Release;
		};
		B6C3C4331E8443D4001D6C8E /* Debug */ = {
			isa = XCBuildConfiguration;
			buildSettings = {
				ASSETCATALOG_COMPILER_APPICON_NAME = AppIcon;
				DEVELOPMENT_TEAM = AWCRMQBEL6;
				INFOPLIST_FILE = COMP_4768_Project/Info.plist;
				IPHONEOS_DEPLOYMENT_TARGET = 9.0;
				LD_RUNPATH_SEARCH_PATHS = "$(inherited) @executable_path/Frameworks";
				PRODUCT_BUNDLE_IDENTIFIER = "Freddie-Pike.COMP-4768-Project";
				PRODUCT_NAME = "$(TARGET_NAME)";
			};
			name = Debug;
		};
		B6C3C4341E8443D4001D6C8E /* Release */ = {
			isa = XCBuildConfiguration;
			buildSettings = {
				ASSETCATALOG_COMPILER_APPICON_NAME = AppIcon;
				DEVELOPMENT_TEAM = AWCRMQBEL6;
				INFOPLIST_FILE = COMP_4768_Project/Info.plist;
				IPHONEOS_DEPLOYMENT_TARGET = 9.0;
				LD_RUNPATH_SEARCH_PATHS = "$(inherited) @executable_path/Frameworks";
				PRODUCT_BUNDLE_IDENTIFIER = "Freddie-Pike.COMP-4768-Project";
				PRODUCT_NAME = "$(TARGET_NAME)";
			};
			name = Release;
		};
		B6C3C4361E8443D4001D6C8E /* Debug */ = {
			isa = XCBuildConfiguration;
			buildSettings = {
				BUNDLE_LOADER = "$(TEST_HOST)";
				INFOPLIST_FILE = COMP_4768_ProjectTests/Info.plist;
				LD_RUNPATH_SEARCH_PATHS = "$(inherited) @executable_path/Frameworks @loader_path/Frameworks";
				PRODUCT_BUNDLE_IDENTIFIER = "Freddie-Pike.COMP-4768-ProjectTests";
				PRODUCT_NAME = "$(TARGET_NAME)";
				TEST_HOST = "$(BUILT_PRODUCTS_DIR)/COMP_4768_Project.app/COMP_4768_Project";
			};
			name = Debug;
		};
		B6C3C4371E8443D4001D6C8E /* Release */ = {
			isa = XCBuildConfiguration;
			buildSettings = {
				BUNDLE_LOADER = "$(TEST_HOST)";
				INFOPLIST_FILE = COMP_4768_ProjectTests/Info.plist;
				LD_RUNPATH_SEARCH_PATHS = "$(inherited) @executable_path/Frameworks @loader_path/Frameworks";
				PRODUCT_BUNDLE_IDENTIFIER = "Freddie-Pike.COMP-4768-ProjectTests";
				PRODUCT_NAME = "$(TARGET_NAME)";
				TEST_HOST = "$(BUILT_PRODUCTS_DIR)/COMP_4768_Project.app/COMP_4768_Project";
			};
			name = Release;
		};
		B6C3C4391E8443D4001D6C8E /* Debug */ = {
			isa = XCBuildConfiguration;
			buildSettings = {
				INFOPLIST_FILE = COMP_4768_ProjectUITests/Info.plist;
				LD_RUNPATH_SEARCH_PATHS = "$(inherited) @executable_path/Frameworks @loader_path/Frameworks";
				PRODUCT_BUNDLE_IDENTIFIER = "Freddie-Pike.COMP-4768-ProjectUITests";
				PRODUCT_NAME = "$(TARGET_NAME)";
				TEST_TARGET_NAME = COMP_4768_Project;
			};
			name = Debug;
		};
		B6C3C43A1E8443D4001D6C8E /* Release */ = {
			isa = XCBuildConfiguration;
			buildSettings = {
				INFOPLIST_FILE = COMP_4768_ProjectUITests/Info.plist;
				LD_RUNPATH_SEARCH_PATHS = "$(inherited) @executable_path/Frameworks @loader_path/Frameworks";
				PRODUCT_BUNDLE_IDENTIFIER = "Freddie-Pike.COMP-4768-ProjectUITests";
				PRODUCT_NAME = "$(TARGET_NAME)";
				TEST_TARGET_NAME = COMP_4768_Project;
			};
			name = Release;
		};
/* End XCBuildConfiguration section */

/* Begin XCConfigurationList section */
		B6C3C4001E8443D4001D6C8E /* Build configuration list for PBXProject "COMP_4768_Project" */ = {
			isa = XCConfigurationList;
			buildConfigurations = (
				B6C3C4301E8443D4001D6C8E /* Debug */,
				B6C3C4311E8443D4001D6C8E /* Release */,
			);
			defaultConfigurationIsVisible = 0;
			defaultConfigurationName = Release;
		};
		B6C3C4321E8443D4001D6C8E /* Build configuration list for PBXNativeTarget "COMP_4768_Project" */ = {
			isa = XCConfigurationList;
			buildConfigurations = (
				B6C3C4331E8443D4001D6C8E /* Debug */,
				B6C3C4341E8443D4001D6C8E /* Release */,
			);
			defaultConfigurationIsVisible = 0;
			defaultConfigurationName = Release;
		};
		B6C3C4351E8443D4001D6C8E /* Build configuration list for PBXNativeTarget "COMP_4768_ProjectTests" */ = {
			isa = XCConfigurationList;
			buildConfigurations = (
				B6C3C4361E8443D4001D6C8E /* Debug */,
				B6C3C4371E8443D4001D6C8E /* Release */,
			);
			defaultConfigurationIsVisible = 0;
			defaultConfigurationName = Release;
		};
		B6C3C4381E8443D4001D6C8E /* Build configuration list for PBXNativeTarget "COMP_4768_ProjectUITests" */ = {
			isa = XCConfigurationList;
			buildConfigurations = (
				B6C3C4391E8443D4001D6C8E /* Debug */,
				B6C3C43A1E8443D4001D6C8E /* Release */,
			);
			defaultConfigurationIsVisible = 0;
			defaultConfigurationName = Release;
		};
/* End XCConfigurationList section */
	};
	rootObject = B6C3C3FD1E8443D4001D6C8E /* Project object */;
}
